
Microsoft Visual Studio Solution File, Format Version 12.00
# Visual Studio Version 17
VisualStudioVersion = 17.9.34902.65
MinimumVisualStudioVersion = 10.0.40219.1
Project("{8BC9CEB8-8B4A-11D0-8D11-00A0C91BC942}") = "TCP_IP_Study", "TCP_IP_Study.vcxproj", "{90F5E8BC-B72B-41AF-9F25-2F844737EDDA}"
EndProject
Global
	GlobalSection(SolutionConfigurationPlatforms) = preSolution
		Debug|x64 = Debug|x64
		Debug|x86 = Debug|x86
		Release|x64 = Release|x64
		Release|x86 = Release|x86
	EndGlobalSection
	GlobalSection(ProjectConfigurationPlatforms) = postSolution
		{90F5E8BC-B72B-41AF-9F25-2F844737EDDA}.Debug|x64.ActiveCfg = Debug|x64
		{90F5E8BC-B72B-41AF-9F25-2F844737EDDA}.Debug|x64.Build.0 = Debug|x64
		{90F5E8BC-B72B-41AF-9F25-2F844737EDDA}.Debug|x86.ActiveCfg = Debug|Win32
		{90F5E8BC-B72B-41AF-9F25-2F844737EDDA}.Debug|x86.Build.0 = Debug|Win32
		{90F5E8BC-B72B-41AF-9F25-2F844737EDDA}.Release|x64.ActiveCfg = Release|x64
		{90F5E8BC-B72B-41AF-9F25-2F844737EDDA}.Release|x64.Build.0 = Release|x64
		{90F5E8BC-B72B-41AF-9F25-2F844737EDDA}.Release|x86.ActiveCfg = Release|Win32
		{90F5E8BC-B72B-41AF-9F25-2F844737EDDA}.Release|x86.Build.0 = Release|Win32
	EndGlobalSection
	GlobalSection(SolutionProperties) = preSolution
		HideSolutionNode = FALSE
	EndGlobalSection
	GlobalSection(ExtensibilityGlobals) = postSolution
		SolutionGuid = {A5E22D6D-FA23-4997-8959-D51B7BEF005E}
	EndGlobalSection
EndGlobal
